
Microsoft Visual Studio Solution File, Format Version 12.00
# Visual Studio 15
VisualStudioVersion = 15.0.26730.16
MinimumVisualStudioVersion = 10.0.40219.1
Project("{2150E333-8FDC-42A3-9474-1A3956D46DE8}") = "src", "src", "{963D3B9B-3E9E-4647-B51F-18DEFA8752F2}"
EndProject
Project("{FAE04EC0-301F-11D3-BF4B-00C04F79EFBC}") = "Asd.Infra.Data", "src\Asd.Infra.Data\Asd.Infra.Data.csproj", "{D0A00600-E185-4058-AE70-C23A2D448AF3}"
EndProject
Global
	GlobalSection(SolutionConfigurationPlatforms) = preSolution
		Debug|Any CPU = Debug|Any CPU
		Release|Any CPU = Release|Any CPU
	EndGlobalSection
	GlobalSection(ProjectConfigurationPlatforms) = postSolution
		{D0A00600-E185-4058-AE70-C23A2D448AF3}.Debug|Any CPU.ActiveCfg = Debug|Any CPU
		{D0A00600-E185-4058-AE70-C23A2D448AF3}.Debug|Any CPU.Build.0 = Debug|Any CPU
		{D0A00600-E185-4058-AE70-C23A2D448AF3}.Release|Any CPU.ActiveCfg = Release|Any CPU
		{D0A00600-E185-4058-AE70-C23A2D448AF3}.Release|Any CPU.Build.0 = Release|Any CPU
	EndGlobalSection
	GlobalSection(SolutionProperties) = preSolution
		HideSolutionNode = FALSE
	EndGlobalSection
	GlobalSection(NestedProjects) = preSolution
		{D0A00600-E185-4058-AE70-C23A2D448AF3} = {963D3B9B-3E9E-4647-B51F-18DEFA8752F2}
	EndGlobalSection
	GlobalSection(ExtensibilityGlobals) = postSolution
		SolutionGuid = {1E795A36-4966-4620-9AE8-842A4E6F0B4D}
	EndGlobalSection
EndGlobal
